
Microsoft Visual Studio Solution File, Format Version 12.00
# Visual Studio Version 17
VisualStudioVersion = 17.2.32630.192
MinimumVisualStudioVersion = 10.0.40219.1
Project("{FAE04EC0-301F-11D3-BF4B-00C04F79EFBC}") = "Array.cardapio", "Array.cardapio\Array.cardapio.csproj", "{4F27B223-011E-4514-BED7-FF4741367E08}"
EndProject
Global
	GlobalSection(SolutionConfigurationPlatforms) = preSolution
		Debug|Any CPU = Debug|Any CPU
		Release|Any CPU = Release|Any CPU
	EndGlobalSection
	GlobalSection(ProjectConfigurationPlatforms) = postSolution
		{4F27B223-011E-4514-BED7-FF4741367E08}.Debug|Any CPU.ActiveCfg = Debug|Any CPU
		{4F27B223-011E-4514-BED7-FF4741367E08}.Debug|Any CPU.Build.0 = Debug|Any CPU
		{4F27B223-011E-4514-BED7-FF4741367E08}.Release|Any CPU.ActiveCfg = Release|Any CPU
		{4F27B223-011E-4514-BED7-FF4741367E08}.Release|Any CPU.Build.0 = Release|Any CPU
	EndGlobalSection
	GlobalSection(SolutionProperties) = preSolution
		HideSolutionNode = FALSE
	EndGlobalSection
	GlobalSection(ExtensibilityGlobals) = postSolution
		SolutionGuid = {7C33738A-068C-4095-B816-7C32BBE274CD}
	EndGlobalSection
EndGlobal
